
Microsoft Visual Studio Solution File, Format Version 12.00
# Visual Studio 14
VisualStudioVersion = 14.0.25420.1
MinimumVisualStudioVersion = 10.0.40219.1
Project("{8BC9CEB8-8B4A-11D0-8D11-00A0C91BC942}") = "Wp81Wol", "Wp81Wol\Wp81Wol.vcxproj", "{03FF3542-C82E-4739-A8C6-EACEF6285AE8}"
EndProject
Global
	GlobalSection(SolutionConfigurationPlatforms) = preSolution
		Debug|ARM = Debug|ARM
		Debug|x86 = Debug|x86
		Release|ARM = Release|ARM
		Release|x86 = Release|x86
	EndGlobalSection
	GlobalSection(ProjectConfigurationPlatforms) = postSolution
		{03FF3542-C82E-4739-A8C6-EACEF6285AE8}.Debug|ARM.ActiveCfg = Debug|ARM
		{03FF3542-C82E-4739-A8C6-EACEF6285AE8}.Debug|ARM.Build.0 = Debug|ARM
		{03FF3542-C82E-4739-A8C6-EACEF6285AE8}.Debug|ARM.Deploy.0 = Debug|ARM
		{03FF3542-C82E-4739-A8C6-EACEF6285AE8}.Debug|x86.ActiveCfg = Debug|Win32
		{03FF3542-C82E-4739-A8C6-EACEF6285AE8}.Debug|x86.Build.0 = Debug|Win32
		{03FF3542-C82E-4739-A8C6-EACEF6285AE8}.Debug|x86.Deploy.0 = Debug|Win32
		{03FF3542-C82E-4739-A8C6-EACEF6285AE8}.Release|ARM.ActiveCfg = Release|ARM
		{03FF3542-C82E-4739-A8C6-EACEF6285AE8}.Release|ARM.Build.0 = Release|ARM
		{03FF3542-C82E-4739-A8C6-EACEF6285AE8}.Release|ARM.Deploy.0 = Release|ARM
		{03FF3542-C82E-4739-A8C6-EACEF6285AE8}.Release|x86.ActiveCfg = Release|Win32
		{03FF3542-C82E-4739-A8C6-EACEF6285AE8}.Release|x86.Build.0 = Release|Win32
		{03FF3542-C82E-4739-A8C6-EACEF6285AE8}.Release|x86.Deploy.0 = Release|Win32
	EndGlobalSection
	GlobalSection(SolutionProperties) = preSolution
		HideSolutionNode = FALSE
	EndGlobalSection
EndGlobal
